<?xml version="1.0" encoding="utf-8"?>
<Project ToolsVersion="4.0" xmlns="http://schemas.microsoft.com/developer/msbuild/2003">
  <ItemGroup>
    <ClCompile Include="Client.cpp">
      <Filter>Client</Filter>
    </ClCompile>
    <ClCompile Include="AutoPistol.cpp">
      <Filter>Client\Functions\AimBot</Filter>
    </ClCompile>
    <ClCompile Include="FastZoom.cpp">
      <Filter>Client\Functions\AimBot</Filter>
    </ClCompile>
    <ClCompile Include="Recoil.cpp">
      <Filter>Client\Functions\AimBot</Filter>
    </ClCompile>
    <ClCompile Include="Weapons.cpp">
      <Filter>Client\Functions\AimBot</Filter>
    </ClCompile>
    <ClCompile Include="BunnyHop.cpp">
      <Filter>Client\Functions\Misc</Filter>
    </ClCompile>
    <ClCompile Include="GroundStrafe.cpp">
      <Filter>Client\Functions\Misc</Filter>
    </ClCompile>
    <ClCompile Include="Speed.cpp">
      <Filter>Client\Functions\Misc</Filter>
    </ClCompile>
    <ClCompile Include="TriggerBot.cpp">
      <Filter>Client\Functions\TriggerBot</Filter>
    </ClCompile>
    <ClCompile Include="Chams.cpp">
      <Filter>Client\Functions\Visuals</Filter>
    </ClCompile>
    <ClCompile Include="Crosshair.cpp">
      <Filter>Client\Functions\Visuals</Filter>
    </ClCompile>
    <ClCompile Include="ESP.cpp">
      <Filter>Client\Functions\Visuals</Filter>
    </ClCompile>
    <ClCompile Include="Menu.cpp">
      <Filter>Client\Functions\Visuals</Filter>
    </ClCompile>
    <ClCompile Include="Other.cpp">
      <Filter>Client\Functions\Visuals</Filter>
    </ClCompile>
    <ClCompile Include="ScreenInfo.cpp">
      <Filter>Client\Functions\Visuals</Filter>
    </ClCompile>
    <ClCompile Include="Info.cpp">
      <Filter>Client\Information</Filter>
    </ClCompile>
    <ClCompile Include="WeaponList.cpp">
      <Filter>Client\Information</Filter>
    </ClCompile>
    <ClCompile Include="Engine.cpp">
      <Filter>Engine</Filter>
    </ClCompile>
    <ClCompile Include="EngineMsg.cpp">
      <Filter>Engine</Filter>
    </ClCompile>
    <ClCompile Include="Offsets.cpp">
      <Filter>Engine</Filter>
    </ClCompile>
    <ClCompile Include="ParseMsg.cpp">
      <Filter>Engine</Filter>
    </ClCompile>
    <ClCompile Include="UserMsg.cpp">
      <Filter>Engine</Filter>
    </ClCompile>
    <ClCompile Include="Files.cpp">
      <Filter>Files</Filter>
    </ClCompile>
    <ClCompile Include="Main.cpp">
      <Filter>Main</Filter>
    </ClCompile>
    <ClCompile Include="OpenGL.cpp">
      <Filter>OpenGL</Filter>
    </ClCompile>
    <ClCompile Include="Utils.cpp">
      <Filter>Utils</Filter>
    </ClCompile>
    <ClCompile Include="NoFlash.cpp">
      <Filter>Client\Functions\Visuals</Filter>
    </ClCompile>
    <ClCompile Include="Spread.cpp">
      <Filter>Client\Information</Filter>
    </ClCompile>
    <ClCompile Include="backdrop.cpp">
      <Filter>Client\Functions\Visuals</Filter>
    </ClCompile>
    <ClCompile Include="Color.cpp" />
  </ItemGroup>
  <ItemGroup>
    <ClInclude Include="Client.h">
      <Filter>Client</Filter>
    </ClInclude>
    <ClInclude Include="AutoPistol.h">
      <Filter>Client\Functions\AimBot</Filter>
    </ClInclude>
    <ClInclude Include="FastZoom.h">
      <Filter>Client\Functions\AimBot</Filter>
    </ClInclude>
    <ClInclude Include="Recoil.h">
      <Filter>Client\Functions\AimBot</Filter>
    </ClInclude>
    <ClInclude Include="Weapons.h">
      <Filter>Client\Functions\AimBot</Filter>
    </ClInclude>
    <ClInclude Include="BunnyHop.h">
      <Filter>Client\Functions\Misc</Filter>
    </ClInclude>
    <ClInclude Include="GroundStrafe.h">
      <Filter>Client\Functions\Misc</Filter>
    </ClInclude>
    <ClInclude Include="Speed.h">
      <Filter>Client\Functions\Misc</Filter>
    </ClInclude>
    <ClInclude Include="TriggerBot.h">
      <Filter>Client\Functions\TriggerBot</Filter>
    </ClInclude>
    <ClInclude Include="Chams.h">
      <Filter>Client\Functions\Visuals</Filter>
    </ClInclude>
    <ClInclude Include="Crosshair.h">
      <Filter>Client\Functions\Visuals</Filter>
    </ClInclude>
    <ClInclude Include="ESP.h">
      <Filter>Client\Functions\Visuals</Filter>
    </ClInclude>
    <ClInclude Include="Menu.h">
      <Filter>Client\Functions\Visuals</Filter>
    </ClInclude>
    <ClInclude Include="Other.h">
      <Filter>Client\Functions\Visuals</Filter>
    </ClInclude>
    <ClInclude Include="ScreenInfo.h">
      <Filter>Client\Functions\Visuals</Filter>
    </ClInclude>
    <ClInclude Include="Info.h">
      <Filter>Client\Information</Filter>
    </ClInclude>
    <ClInclude Include="WeaponList.h">
      <Filter>Client\Information</Filter>
    </ClInclude>
    <ClInclude Include="Engine.h">
      <Filter>Engine</Filter>
    </ClInclude>
    <ClInclude Include="EngineMsg.h">
      <Filter>Engine</Filter>
    </ClInclude>
    <ClInclude Include="Offsets.h">
      <Filter>Engine</Filter>
    </ClInclude>
    <ClInclude Include="UserMsg.h">
      <Filter>Engine</Filter>
    </ClInclude>
    <ClInclude Include="Files.h">
      <Filter>Files</Filter>
    </ClInclude>
    <ClInclude Include="Main.h">
      <Filter>Main</Filter>
    </ClInclude>
    <ClInclude Include="OpenGL.h">
      <Filter>OpenGL</Filter>
    </ClInclude>
    <ClInclude Include="Drawing.h">
      <Filter>Renderer</Filter>
    </ClInclude>
    <ClInclude Include="Fonts.h">
      <Filter>Renderer</Filter>
    </ClInclude>
    <ClInclude Include="Utils.h">
      <Filter>Utils</Filter>
    </ClInclude>
    <ClInclude Include="Defines.h" />
    <ClInclude Include="Variables.h" />
    <ClInclude Include="NoFlash.h">
      <Filter>Client\Functions\Visuals</Filter>
    </ClInclude>
    <ClInclude Include="Spread.h">
      <Filter>Client\Information</Filter>
    </ClInclude>
    <ClInclude Include="backdrop.h">
      <Filter>Client\Functions\Visuals</Filter>
    </ClInclude>
    <ClInclude Include="Color.hpp" />
    <ClInclude Include="eSurface.hpp" />
  </ItemGroup>
  <ItemGroup>
    <Filter Include="Client">
      <UniqueIdentifier>{5bff56d1-2dab-47a9-bc8e-5ab4175ff136}</UniqueIdentifier>
    </Filter>
    <Filter Include="Client\Functions">
      <UniqueIdentifier>{af515df0-d077-4287-af7b-4f99eb654312}</UniqueIdentifier>
    </Filter>
    <Filter Include="Client\Information">
      <UniqueIdentifier>{e73f183e-e409-4505-bf8c-2d67e3a16521}</UniqueIdentifier>
    </Filter>
    <Filter Include="Client\Functions\Visuals">
      <UniqueIdentifier>{73ad2afb-2427-4ed3-94ea-bf7e11d77756}</UniqueIdentifier>
    </Filter>
    <Filter Include="Client\Functions\AimBot">
      <UniqueIdentifier>{a49b572e-cdfe-403c-a99a-32f549f9e179}</UniqueIdentifier>
    </Filter>
    <Filter Include="Client\Functions\TriggerBot">
      <UniqueIdentifier>{9fa3478a-500f-448d-92e7-9bf917fb098a}</UniqueIdentifier>
    </Filter>
    <Filter Include="Client\Functions\Misc">
      <UniqueIdentifier>{4df64334-f253-4e42-b695-00d12250dfa2}</UniqueIdentifier>
    </Filter>
    <Filter Include="Renderer">
      <UniqueIdentifier>{136bc1c8-43d6-447d-b607-975718625aeb}</UniqueIdentifier>
    </Filter>
    <Filter Include="Main">
      <UniqueIdentifier>{c8ce7297-ea55-4cc0-ad36-9ea3ea484a3b}</UniqueIdentifier>
    </Filter>
    <Filter Include="Engine">
      <UniqueIdentifier>{0a5c3bf4-2699-4e73-abc6-670d0c5b0377}</UniqueIdentifier>
    </Filter>
    <Filter Include="Utils">
      <UniqueIdentifier>{70cd5644-ac98-4747-a953-4a6c24169eee}</UniqueIdentifier>
    </Filter>
    <Filter Include="Files">
      <UniqueIdentifier>{02709cd6-2e3b-4236-bf15-6d7f243919b2}</UniqueIdentifier>
    </Filter>
    <Filter Include="OpenGL">
      <UniqueIdentifier>{cd207a93-d704-476c-b5af-25bed549d04f}</UniqueIdentifier>
    </Filter>
  </ItemGroup>
</Project>